// !$*UTF8*$!
{
	archiveVersion = 1;
	classes = {
	};
	objectVersion = 46;
	objects = {

/* Begin PBXBuildFile section */
		253B136D1C041174006156F4 /* MonteguesMeatViewController.m in Sources */ = {isa = PBXBuildFile; fileRef = 253B136C1C041174006156F4 /* MonteguesMeatViewController.m */; };
		253B136F1C0412C0006156F4 /* MonteguesMeatView.xib in Resources */ = {isa = PBXBuildFile; fileRef = 253B136E1C0412C0006156F4 /* MonteguesMeatView.xib */; };
		254EA67D1BFC200800D501D3 /* MonteguesSandwichSelectionViewController.m in Sources */ = {isa = PBXBuildFile; fileRef = 254EA67C1BFC200800D501D3 /* MonteguesSandwichSelectionViewController.m */; };
		254EA67F1BFC201400D501D3 /* MonteguesSandwichSelectionView.xib in Resources */ = {isa = PBXBuildFile; fileRef = 254EA67E1BFC201400D501D3 /* MonteguesSandwichSelectionView.xib */; };
		254EA6821BFC3CC800D501D3 /* TNOrder.m in Sources */ = {isa = PBXBuildFile; fileRef = 254EA6811BFC3CC800D501D3 /* TNOrder.m */; };
		254EA6851BFC3D5D00D501D3 /* TNOrderViewController.m in Sources */ = {isa = PBXBuildFile; fileRef = 254EA6841BFC3D5D00D501D3 /* TNOrderViewController.m */; };
		254EA6881BFC61C400D501D3 /* MonteguesBreadViewController.m in Sources */ = {isa = PBXBuildFile; fileRef = 254EA6871BFC61C400D501D3 /* MonteguesBreadViewController.m */; };
		254EA68B1BFC675C00D501D3 /* MonteguesCheeseViewController.m in Sources */ = {isa = PBXBuildFile; fileRef = 254EA68A1BFC675C00D501D3 /* MonteguesCheeseViewController.m */; };
		254EA68D1BFC6C2B00D501D3 /* MonteguesCheeseView.xib in Resources */ = {isa = PBXBuildFile; fileRef = 254EA68C1BFC6C2B00D501D3 /* MonteguesCheeseView.xib */; };
		254EA68F1BFC6C4300D501D3 /* MonteguesBreadView.xib in Resources */ = {isa = PBXBuildFile; fileRef = 254EA68E1BFC6C4300D501D3 /* MonteguesBreadView.xib */; };
		254EA6921BFC6D7C00D501D3 /* SubmitOrderViewController.m in Sources */ = {isa = PBXBuildFile; fileRef = 254EA6911BFC6D7C00D501D3 /* SubmitOrderViewController.m */; };
		254EA6941BFC6D8700D501D3 /* SubmitOrderView.xib in Resources */ = {isa = PBXBuildFile; fileRef = 254EA6931BFC6D8700D501D3 /* SubmitOrderView.xib */; };
		25EE31821BE81F3000FCAF8A /* main.m in Sources */ = {isa = PBXBuildFile; fileRef = 25EE31811BE81F3000FCAF8A /* main.m */; };
		25EE31851BE81F3000FCAF8A /* AppDelegate.m in Sources */ = {isa = PBXBuildFile; fileRef = 25EE31841BE81F3000FCAF8A /* AppDelegate.m */; };
		25EE31881BE81F3000FCAF8A /* MainViewController.m in Sources */ = {isa = PBXBuildFile; fileRef = 25EE31871BE81F3000FCAF8A /* MainViewController.m */; };
		25EE318D1BE81F3000FCAF8A /* Assets.xcassets in Resources */ = {isa = PBXBuildFile; fileRef = 25EE318C1BE81F3000FCAF8A /* Assets.xcassets */; };
		25EE319B1BE81F3000FCAF8A /* TineTestTests.m in Sources */ = {isa = PBXBuildFile; fileRef = 25EE319A1BE81F3000FCAF8A /* TineTestTests.m */; };
		25EE31A61BE81F3000FCAF8A /* TineTestUITests.m in Sources */ = {isa = PBXBuildFile; fileRef = 25EE31A51BE81F3000FCAF8A /* TineTestUITests.m */; };
		25EE31B41BE8310E00FCAF8A /* MainView.xib in Resources */ = {isa = PBXBuildFile; fileRef = 25EE31B31BE8310E00FCAF8A /* MainView.xib */; };
/* End PBXBuildFile section */

/* Begin PBXContainerItemProxy section */
		25EE31971BE81F3000FCAF8A /* PBXContainerItemProxy */ = {
			isa = PBXContainerItemProxy;
			containerPortal = 25EE31751BE81F3000FCAF8A /* Project object */;
			proxyType = 1;
			remoteGlobalIDString = 25EE317C1BE81F3000FCAF8A;
			remoteInfo = TineTest;
		};
		25EE31A21BE81F3000FCAF8A /* PBXContainerItemProxy */ = {
			isa = PBXContainerItemProxy;
			containerPortal = 25EE31751BE81F3000FCAF8A /* Project object */;
			proxyType = 1;
			remoteGlobalIDString = 25EE317C1BE81F3000FCAF8A;
			remoteInfo = TineTest;
		};
/* End PBXContainerItemProxy section */

/* Begin PBXFileReference section */
		253B136B1C041174006156F4 /* MonteguesMeatViewController.h */ = {isa = PBXFileReference; fileEncoding = 4; lastKnownFileType = sourcecode.c.h; path = MonteguesMeatViewController.h; sourceTree = "<group>"; };
		253B136C1C041174006156F4 /* MonteguesMeatViewController.m */ = {isa = PBXFileReference; fileEncoding = 4; lastKnownFileType = sourcecode.c.objc; path = MonteguesMeatViewController.m; sourceTree = "<group>"; };
		253B136E1C0412C0006156F4 /* MonteguesMeatView.xib */ = {isa = PBXFileReference; fileEncoding = 4; lastKnownFileType = file.xib; path = MonteguesMeatView.xib; sourceTree = "<group>"; };
		254EA67B1BFC200800D501D3 /* MonteguesSandwichSelectionViewController.h */ = {isa = PBXFileReference; fileEncoding = 4; lastKnownFileType = sourcecode.c.h; path = MonteguesSandwichSelectionViewController.h; sourceTree = "<group>"; };
		254EA67C1BFC200800D501D3 /* MonteguesSandwichSelectionViewController.m */ = {isa = PBXFileReference; fileEncoding = 4; lastKnownFileType = sourcecode.c.objc; path = MonteguesSandwichSelectionViewController.m; sourceTree = "<group>"; };
		254EA67E1BFC201400D501D3 /* MonteguesSandwichSelectionView.xib */ = {isa = PBXFileReference; fileEncoding = 4; lastKnownFileType = file.xib; path = MonteguesSandwichSelectionView.xib; sourceTree = "<group>"; };
		254EA6801BFC3CC800D501D3 /* TNOrder.h */ = {isa = PBXFileReference; fileEncoding = 4; lastKnownFileType = sourcecode.c.h; path = TNOrder.h; sourceTree = "<group>"; };
		254EA6811BFC3CC800D501D3 /* TNOrder.m */ = {isa = PBXFileReference; fileEncoding = 4; lastKnownFileType = sourcecode.c.objc; path = TNOrder.m; sourceTree = "<group>"; };
		254EA6831BFC3D5D00D501D3 /* TNOrderViewController.h */ = {isa = PBXFileReference; fileEncoding = 4; lastKnownFileType = sourcecode.c.h; path = TNOrderViewController.h; sourceTree = "<group>"; };
		254EA6841BFC3D5D00D501D3 /* TNOrderViewController.m */ = {isa = PBXFileReference; fileEncoding = 4; lastKnownFileType = sourcecode.c.objc; path = TNOrderViewController.m; sourceTree = "<group>"; };
		254EA6861BFC61C400D501D3 /* MonteguesBreadViewController.h */ = {isa = PBXFileReference; fileEncoding = 4; lastKnownFileType = sourcecode.c.h; path = MonteguesBreadViewController.h; sourceTree = "<group>"; };
		254EA6871BFC61C400D501D3 /* MonteguesBreadViewController.m */ = {isa = PBXFileReference; fileEncoding = 4; lastKnownFileType = sourcecode.c.objc; path = MonteguesBreadViewController.m; sourceTree = "<group>"; };
		254EA6891BFC675C00D501D3 /* MonteguesCheeseViewController.h */ = {isa = PBXFileReference; fileEncoding = 4; lastKnownFileType = sourcecode.c.h; path = MonteguesCheeseViewController.h; sourceTree = "<group>"; };
		254EA68A1BFC675C00D501D3 /* MonteguesCheeseViewController.m */ = {isa = PBXFileReference; fileEncoding = 4; lastKnownFileType = sourcecode.c.objc; path = MonteguesCheeseViewController.m; sourceTree = "<group>"; };
		254EA68C1BFC6C2B00D501D3 /* MonteguesCheeseView.xib */ = {isa = PBXFileReference; fileEncoding = 4; lastKnownFileType = file.xib; path = MonteguesCheeseView.xib; sourceTree = "<group>"; };
		254EA68E1BFC6C4300D501D3 /* MonteguesBreadView.xib */ = {isa = PBXFileReference; fileEncoding = 4; lastKnownFileType = file.xib; path = MonteguesBreadView.xib; sourceTree = "<group>"; };
		254EA6901BFC6D7C00D501D3 /* SubmitOrderViewController.h */ = {isa = PBXFileReference; fileEncoding = 4; lastKnownFileType = sourcecode.c.h; path = SubmitOrderViewController.h; sourceTree = "<group>"; };
		254EA6911BFC6D7C00D501D3 /* SubmitOrderViewController.m */ = {isa = PBXFileReference; fileEncoding = 4; lastKnownFileType = sourcecode.c.objc; path = SubmitOrderViewController.m; sourceTree = "<group>"; };
		254EA6931BFC6D8700D501D3 /* SubmitOrderView.xib */ = {isa = PBXFileReference; fileEncoding = 4; lastKnownFileType = file.xib; path = SubmitOrderView.xib; sourceTree = "<group>"; };
		25EE317D1BE81F3000FCAF8A /* TineTest.app */ = {isa = PBXFileReference; explicitFileType = wrapper.application; includeInIndex = 0; path = TineTest.app; sourceTree = BUILT_PRODUCTS_DIR; };
		25EE31811BE81F3000FCAF8A /* main.m */ = {isa = PBXFileReference; lastKnownFileType = sourcecode.c.objc; path = main.m; sourceTree = "<group>"; };
		25EE31831BE81F3000FCAF8A /* AppDelegate.h */ = {isa = PBXFileReference; lastKnownFileType = sourcecode.c.h; path = AppDelegate.h; sourceTree = "<group>"; };
		25EE31841BE81F3000FCAF8A /* AppDelegate.m */ = {isa = PBXFileReference; lastKnownFileType = sourcecode.c.objc; path = AppDelegate.m; sourceTree = "<group>"; };
		25EE31861BE81F3000FCAF8A /* MainViewController.h */ = {isa = PBXFileReference; lastKnownFileType = sourcecode.c.h; path = MainViewController.h; sourceTree = "<group>"; };
		25EE31871BE81F3000FCAF8A /* MainViewController.m */ = {isa = PBXFileReference; lastKnownFileType = sourcecode.c.objc; path = MainViewController.m; sourceTree = "<group>"; };
		25EE318C1BE81F3000FCAF8A /* Assets.xcassets */ = {isa = PBXFileReference; lastKnownFileType = folder.assetcatalog; path = Assets.xcassets; sourceTree = "<group>"; };
		25EE31911BE81F3000FCAF8A /* Info.plist */ = {isa = PBXFileReference; lastKnownFileType = text.plist.xml; path = Info.plist; sourceTree = "<group>"; };
		25EE31961BE81F3000FCAF8A /* TineTestTests.xctest */ = {isa = PBXFileReference; explicitFileType = wrapper.cfbundle; includeInIndex = 0; path = TineTestTests.xctest; sourceTree = BUILT_PRODUCTS_DIR; };
		25EE319A1BE81F3000FCAF8A /* TineTestTests.m */ = {isa = PBXFileReference; lastKnownFileType = sourcecode.c.objc; path = TineTestTests.m; sourceTree = "<group>"; };
		25EE319C1BE81F3000FCAF8A /* Info.plist */ = {isa = PBXFileReference; lastKnownFileType = text.plist.xml; path = Info.plist; sourceTree = "<group>"; };
		25EE31A11BE81F3000FCAF8A /* TineTestUITests.xctest */ = {isa = PBXFileReference; explicitFileType = wrapper.cfbundle; includeInIndex = 0; path = TineTestUITests.xctest; sourceTree = BUILT_PRODUCTS_DIR; };
		25EE31A51BE81F3000FCAF8A /* TineTestUITests.m */ = {isa = PBXFileReference; lastKnownFileType = sourcecode.c.objc; path = TineTestUITests.m; sourceTree = "<group>"; };
		25EE31A71BE81F3000FCAF8A /* Info.plist */ = {isa = PBXFileReference; lastKnownFileType = text.plist.xml; path = Info.plist; sourceTree = "<group>"; };
		25EE31B31BE8310E00FCAF8A /* MainView.xib */ = {isa = PBXFileReference; fileEncoding = 4; lastKnownFileType = file.xib; path = MainView.xib; sourceTree = "<group>"; };
/* End PBXFileReference section */

/* Begin PBXFrameworksBuildPhase section */
		25EE317A1BE81F3000FCAF8A /* Frameworks */ = {
			isa = PBXFrameworksBuildPhase;
			buildActionMask = 2147483647;
			files = (
			);
			runOnlyForDeploymentPostprocessing = 0;
		};
		25EE31931BE81F3000FCAF8A /* Frameworks */ = {
			isa = PBXFrameworksBuildPhase;
			buildActionMask = 2147483647;
			files = (
			);
			runOnlyForDeploymentPostprocessing = 0;
		};
		25EE319E1BE81F3000FCAF8A /* Frameworks */ = {
			isa = PBXFrameworksBuildPhase;
			buildActionMask = 2147483647;
			files = (
			);
			runOnlyForDeploymentPostprocessing = 0;
		};
/* End PBXFrameworksBuildPhase section */

/* Begin PBXGroup section */
		254EA6791BFC1FDC00D501D3 /* Restaurant */ = {
			isa = PBXGroup;
			children = (
				254EA67A1BFC1FE400D501D3 /* Montegues */,
				254EA6901BFC6D7C00D501D3 /* SubmitOrderViewController.h */,
				254EA6911BFC6D7C00D501D3 /* SubmitOrderViewController.m */,
				254EA6931BFC6D8700D501D3 /* SubmitOrderView.xib */,
			);
			name = Restaurant;
			sourceTree = "<group>";
		};
		254EA67A1BFC1FE400D501D3 /* Montegues */ = {
			isa = PBXGroup;
			children = (
				254EA67B1BFC200800D501D3 /* MonteguesSandwichSelectionViewController.h */,
				254EA67C1BFC200800D501D3 /* MonteguesSandwichSelectionViewController.m */,
				254EA67E1BFC201400D501D3 /* MonteguesSandwichSelectionView.xib */,
				254EA6861BFC61C400D501D3 /* MonteguesBreadViewController.h */,
				254EA6871BFC61C400D501D3 /* MonteguesBreadViewController.m */,
				254EA68E1BFC6C4300D501D3 /* MonteguesBreadView.xib */,
				254EA6891BFC675C00D501D3 /* MonteguesCheeseViewController.h */,
				254EA68A1BFC675C00D501D3 /* MonteguesCheeseViewController.m */,
				254EA68C1BFC6C2B00D501D3 /* MonteguesCheeseView.xib */,
				253B136B1C041174006156F4 /* MonteguesMeatViewController.h */,
				253B136C1C041174006156F4 /* MonteguesMeatViewController.m */,
				253B136E1C0412C0006156F4 /* MonteguesMeatView.xib */,
			);
			name = Montegues;
			sourceTree = "<group>";
		};
		25EE31741BE81F3000FCAF8A = {
			isa = PBXGroup;
			children = (
				25EE317F1BE81F3000FCAF8A /* TineTest */,
				25EE31991BE81F3000FCAF8A /* TineTestTests */,
				25EE31A41BE81F3000FCAF8A /* TineTestUITests */,
				25EE317E1BE81F3000FCAF8A /* Products */,
			);
			sourceTree = "<group>";
		};
		25EE317E1BE81F3000FCAF8A /* Products */ = {
			isa = PBXGroup;
			children = (
				25EE317D1BE81F3000FCAF8A /* TineTest.app */,
				25EE31961BE81F3000FCAF8A /* TineTestTests.xctest */,
				25EE31A11BE81F3000FCAF8A /* TineTestUITests.xctest */,
			);
			name = Products;
			sourceTree = "<group>";
		};
		25EE317F1BE81F3000FCAF8A /* TineTest */ = {
			isa = PBXGroup;
			children = (
				254EA6791BFC1FDC00D501D3 /* Restaurant */,
				254EA6801BFC3CC800D501D3 /* TNOrder.h */,
				254EA6811BFC3CC800D501D3 /* TNOrder.m */,
				25EE31831BE81F3000FCAF8A /* AppDelegate.h */,
				25EE31841BE81F3000FCAF8A /* AppDelegate.m */,
				25EE31861BE81F3000FCAF8A /* MainViewController.h */,
				25EE31871BE81F3000FCAF8A /* MainViewController.m */,
				25EE31B31BE8310E00FCAF8A /* MainView.xib */,
				25EE318C1BE81F3000FCAF8A /* Assets.xcassets */,
				25EE31911BE81F3000FCAF8A /* Info.plist */,
				25EE31801BE81F3000FCAF8A /* Supporting Files */,
				254EA6831BFC3D5D00D501D3 /* TNOrderViewController.h */,
				254EA6841BFC3D5D00D501D3 /* TNOrderViewController.m */,
			);
			path = TineTest;
			sourceTree = "<group>";
		};
		25EE31801BE81F3000FCAF8A /* Supporting Files */ = {
			isa = PBXGroup;
			children = (
				25EE31811BE81F3000FCAF8A /* main.m */,
			);
			name = "Supporting Files";
			sourceTree = "<group>";
		};
		25EE31991BE81F3000FCAF8A /* TineTestTests */ = {
			isa = PBXGroup;
			children = (
				25EE319A1BE81F3000FCAF8A /* TineTestTests.m */,
				25EE319C1BE81F3000FCAF8A /* Info.plist */,
			);
			path = TineTestTests;
			sourceTree = "<group>";
		};
		25EE31A41BE81F3000FCAF8A /* TineTestUITests */ = {
			isa = PBXGroup;
			children = (
				25EE31A51BE81F3000FCAF8A /* TineTestUITests.m */,
				25EE31A71BE81F3000FCAF8A /* Info.plist */,
			);
			path = TineTestUITests;
			sourceTree = "<group>";
		};
/* End PBXGroup section */

/* Begin PBXNativeTarget section */
		25EE317C1BE81F3000FCAF8A /* TineTest */ = {
			isa = PBXNativeTarget;
			buildConfigurationList = 25EE31AA1BE81F3000FCAF8A /* Build configuration list for PBXNativeTarget "TineTest" */;
			buildPhases = (
				25EE31791BE81F3000FCAF8A /* Sources */,
				25EE317A1BE81F3000FCAF8A /* Frameworks */,
				25EE317B1BE81F3000FCAF8A /* Resources */,
			);
			buildRules = (
			);
			dependencies = (
			);
			name = TineTest;
			productName = TineTest;
			productReference = 25EE317D1BE81F3000FCAF8A /* TineTest.app */;
			productType = "com.apple.product-type.application";
		};
		25EE31951BE81F3000FCAF8A /* TineTestTests */ = {
			isa = PBXNativeTarget;
			buildConfigurationList = 25EE31AD1BE81F3000FCAF8A /* Build configuration list for PBXNativeTarget "TineTestTests" */;
			buildPhases = (
				25EE31921BE81F3000FCAF8A /* Sources */,
				25EE31931BE81F3000FCAF8A /* Frameworks */,
				25EE31941BE81F3000FCAF8A /* Resources */,
			);
			buildRules = (
			);
			dependencies = (
				25EE31981BE81F3000FCAF8A /* PBXTargetDependency */,
			);
			name = TineTestTests;
			productName = TineTestTests;
			productReference = 25EE31961BE81F3000FCAF8A /* TineTestTests.xctest */;
			productType = "com.apple.product-type.bundle.unit-test";
		};
		25EE31A01BE81F3000FCAF8A /* TineTestUITests */ = {
			isa = PBXNativeTarget;
			buildConfigurationList = 25EE31B01BE81F3000FCAF8A /* Build configuration list for PBXNativeTarget "TineTestUITests" */;
			buildPhases = (
				25EE319D1BE81F3000FCAF8A /* Sources */,
				25EE319E1BE81F3000FCAF8A /* Frameworks */,
				25EE319F1BE81F3000FCAF8A /* Resources */,
			);
			buildRules = (
			);
			dependencies = (
				25EE31A31BE81F3000FCAF8A /* PBXTargetDependency */,
			);
			name = TineTestUITests;
			productName = TineTestUITests;
			productReference = 25EE31A11BE81F3000FCAF8A /* TineTestUITests.xctest */;
			productType = "com.apple.product-type.bundle.ui-testing";
		};
/* End PBXNativeTarget section */

/* Begin PBXProject section */
		25EE31751BE81F3000FCAF8A /* Project object */ = {
			isa = PBXProject;
			attributes = {
				LastUpgradeCheck = 0710;
				ORGANIZATIONNAME = "Siddhant Dange";
				TargetAttributes = {
					25EE317C1BE81F3000FCAF8A = {
						CreatedOnToolsVersion = 7.1;
					};
					25EE31951BE81F3000FCAF8A = {
						CreatedOnToolsVersion = 7.1;
						TestTargetID = 25EE317C1BE81F3000FCAF8A;
					};
					25EE31A01BE81F3000FCAF8A = {
						CreatedOnToolsVersion = 7.1;
						TestTargetID = 25EE317C1BE81F3000FCAF8A;
					};
				};
			};
			buildConfigurationList = 25EE31781BE81F3000FCAF8A /* Build configuration list for PBXProject "TineTest" */;
			compatibilityVersion = "Xcode 3.2";
			developmentRegion = English;
			hasScannedForEncodings = 0;
			knownRegions = (
				en,
				Base,
			);
			mainGroup = 25EE31741BE81F3000FCAF8A;
			productRefGroup = 25EE317E1BE81F3000FCAF8A /* Products */;
			projectDirPath = "";
			projectRoot = "";
			targets = (
				25EE317C1BE81F3000FCAF8A /* TineTest */,
				25EE31951BE81F3000FCAF8A /* TineTestTests */,
				25EE31A01BE81F3000FCAF8A /* TineTestUITests */,
			);
		};
/* End PBXProject section */

/* Begin PBXResourcesBuildPhase section */
		25EE317B1BE81F3000FCAF8A /* Resources */ = {
			isa = PBXResourcesBuildPhase;
			buildActionMask = 2147483647;
			files = (
				25EE318D1BE81F3000FCAF8A /* Assets.xcassets in Resources */,
				253B136F1C0412C0006156F4 /* MonteguesMeatView.xib in Resources */,
				254EA6941BFC6D8700D501D3 /* SubmitOrderView.xib in Resources */,
				254EA67F1BFC201400D501D3 /* MonteguesSandwichSelectionView.xib in Resources */,
				25EE31B41BE8310E00FCAF8A /* MainView.xib in Resources */,
				254EA68F1BFC6C4300D501D3 /* MonteguesBreadView.xib in Resources */,
				254EA68D1BFC6C2B00D501D3 /* MonteguesCheeseView.xib in Resources */,
			);
			runOnlyForDeploymentPostprocessing = 0;
		};
		25EE31941BE81F3000FCAF8A /* Resources */ = {
			isa = PBXResourcesBuildPhase;
			buildActionMask = 2147483647;
			files = (
			);
			runOnlyForDeploymentPostprocessing = 0;
		};
		25EE319F1BE81F3000FCAF8A /* Resources */ = {
			isa = PBXResourcesBuildPhase;
			buildActionMask = 2147483647;
			files = (
			);
			runOnlyForDeploymentPostprocessing = 0;
		};
/* End PBXResourcesBuildPhase section */

/* Begin PBXSourcesBuildPhase section */
		25EE31791BE81F3000FCAF8A /* Sources */ = {
			isa = PBXSourcesBuildPhase;
			buildActionMask = 2147483647;
			files = (
				25EE31881BE81F3000FCAF8A /* MainViewController.m in Sources */,
				254EA6881BFC61C400D501D3 /* MonteguesBreadViewController.m in Sources */,
				254EA6921BFC6D7C00D501D3 /* SubmitOrderViewController.m in Sources */,
				25EE31851BE81F3000FCAF8A /* AppDelegate.m in Sources */,
				254EA6821BFC3CC800D501D3 /* TNOrder.m in Sources */,
				253B136D1C041174006156F4 /* MonteguesMeatViewController.m in Sources */,
				254EA6851BFC3D5D00D501D3 /* TNOrderViewController.m in Sources */,
				254EA68B1BFC675C00D501D3 /* MonteguesCheeseViewController.m in Sources */,
				254EA67D1BFC200800D501D3 /* MonteguesSandwichSelectionViewController.m in Sources */,
				25EE31821BE81F3000FCAF8A /* main.m in Sources */,
			);
			runOnlyForDeploymentPostprocessing = 0;
		};
		25EE31921BE81F3000FCAF8A /* Sources */ = {
			isa = PBXSourcesBuildPhase;
			buildActionMask = 2147483647;
			files = (
				25EE319B1BE81F3000FCAF8A /* TineTestTests.m in Sources */,
			);
			runOnlyForDeploymentPostprocessing = 0;
		};
		25EE319D1BE81F3000FCAF8A /* Sources */ = {
			isa = PBXSourcesBuildPhase;
			buildActionMask = 2147483647;
			files = (
				25EE31A61BE81F3000FCAF8A /* TineTestUITests.m in Sources */,
			);
			runOnlyForDeploymentPostprocessing = 0;
		};
/* End PBXSourcesBuildPhase section */

/* Begin PBXTargetDependency section */
		25EE31981BE81F3000FCAF8A /* PBXTargetDependency */ = {
			isa = PBXTargetDependency;
			target = 25EE317C1BE81F3000FCAF8A /* TineTest */;
			targetProxy = 25EE31971BE81F3000FCAF8A /* PBXContainerItemProxy */;
		};
		25EE31A31BE81F3000FCAF8A /* PBXTargetDependency */ = {
			isa = PBXTargetDependency;
			target = 25EE317C1BE81F3000FCAF8A /* TineTest */;
			targetProxy = 25EE31A21BE81F3000FCAF8A /* PBXContainerItemProxy */;
		};
/* End PBXTargetDependency section */

/* Begin XCBuildConfiguration section */
		25EE31A81BE81F3000FCAF8A /* Debug */ = {
			isa = XCBuildConfiguration;
			buildSettings = {
				ALWAYS_SEARCH_USER_PATHS = NO;
				CLANG_CXX_LANGUAGE_STANDARD = "gnu++0x";
				CLANG_CXX_LIBRARY = "libc++";
				CLANG_ENABLE_MODULES = YES;
				CLANG_ENABLE_OBJC_ARC = YES;
				CLANG_WARN_BOOL_CONVERSION = YES;
				CLANG_WARN_CONSTANT_CONVERSION = YES;
				CLANG_WARN_DIRECT_OBJC_ISA_USAGE = YES_ERROR;
				CLANG_WARN_EMPTY_BODY = YES;
				CLANG_WARN_ENUM_CONVERSION = YES;
				CLANG_WARN_INT_CONVERSION = YES;
				CLANG_WARN_OBJC_ROOT_CLASS = YES_ERROR;
				CLANG_WARN_UNREACHABLE_CODE = YES;
				CLANG_WARN__DUPLICATE_METHOD_MATCH = YES;
				"CODE_SIGN_IDENTITY[sdk=iphoneos*]" = "iPhone Developer";
				COPY_PHASE_STRIP = NO;
				DEBUG_INFORMATION_FORMAT = dwarf;
				ENABLE_STRICT_OBJC_MSGSEND = YES;
				ENABLE_TESTABILITY = YES;
				GCC_C_LANGUAGE_STANDARD = gnu99;
				GCC_DYNAMIC_NO_PIC = NO;
				GCC_NO_COMMON_BLOCKS = YES;
				GCC_OPTIMIZATION_LEVEL = 0;
				GCC_PREPROCESSOR_DEFINITIONS = (
					"DEBUG=1",
					"$(inherited)",
				);
				GCC_WARN_64_TO_32_BIT_CONVERSION = YES;
				GCC_WARN_ABOUT_RETURN_TYPE = YES_ERROR;
				GCC_WARN_UNDECLARED_SELECTOR = YES;
				GCC_WARN_UNINITIALIZED_AUTOS = YES_AGGRESSIVE;
				GCC_WARN_UNUSED_FUNCTION = YES;
				GCC_WARN_UNUSED_VARIABLE = YES;
				IPHONEOS_DEPLOYMENT_TARGET = 9.1;
				MTL_ENABLE_DEBUG_INFO = YES;
				ONLY_ACTIVE_ARCH = YES;
				SDKROOT = iphoneos;
			};
			name = Debug;
		};
		25EE31A91BE81F3000FCAF8A /* Release */ = {
			isa = XCBuildConfiguration;
			buildSettings = {
				ALWAYS_SEARCH_USER_PATHS = NO;
				CLANG_CXX_LANGUAGE_STANDARD = "gnu++0x";
				CLANG_CXX_LIBRARY = "libc++";
				CLANG_ENABLE_MODULES = YES;
				CLANG_ENABLE_OBJC_ARC = YES;
				CLANG_WARN_BOOL_CONVERSION = YES;
				CLANG_WARN_CONSTANT_CONVERSION = YES;
				CLANG_WARN_DIRECT_OBJC_ISA_USAGE = YES_ERROR;
				CLANG_WARN_EMPTY_BODY = YES;
				CLANG_WARN_ENUM_CONVERSION = YES;
				CLANG_WARN_INT_CONVERSION = YES;
				CLANG_WARN_OBJC_ROOT_CLASS = YES_ERROR;
				CLANG_WARN_UNREACHABLE_CODE = YES;
				CLANG_WARN__DUPLICATE_METHOD_MATCH = YES;
				"CODE_SIGN_IDENTITY[sdk=iphoneos*]" = "iPhone Developer";
				COPY_PHASE_STRIP = NO;
				DEBUG_INFORMATION_FORMAT = "dwarf-with-dsym";
				ENABLE_NS_ASSERTIONS = NO;
				ENABLE_STRICT_OBJC_MSGSEND = YES;
				GCC_C_LANGUAGE_STANDARD = gnu99;
				GCC_NO_COMMON_BLOCKS = YES;
				GCC_WARN_64_TO_32_BIT_CONVERSION = YES;
				GCC_WARN_ABOUT_RETURN_TYPE = YES_ERROR;
				GCC_WARN_UNDECLARED_SELECTOR = YES;
				GCC_WARN_UNINITIALIZED_AUTOS = YES_AGGRESSIVE;
				GCC_WARN_UNUSED_FUNCTION = YES;
				GCC_WARN_UNUSED_VARIABLE = YES;
				IPHONEOS_DEPLOYMENT_TARGET = 9.1;
				MTL_ENABLE_DEBUG_INFO = NO;
				SDKROOT = iphoneos;
				VALIDATE_PRODUCT = YES;
			};
			name = Release;
		};
		25EE31AB1BE81F3000FCAF8A /* Debug */ = {
			isa = XCBuildConfiguration;
			buildSettings = {
				ASSETCATALOG_COMPILER_APPICON_NAME = AppIcon;
				INFOPLIST_FILE = TineTest/Info.plist;
				LD_RUNPATH_SEARCH_PATHS = "$(inherited) @executable_path/Frameworks";
				PRODUCT_BUNDLE_IDENTIFIER = com.siddhantdange.TineTest;
				PRODUCT_NAME = "$(TARGET_NAME)";
			};
			name = Debug;
		};
		25EE31AC1BE81F3000FCAF8A /* Release */ = {
			isa = XCBuildConfiguration;
			buildSettings = {
				ASSETCATALOG_COMPILER_APPICON_NAME = AppIcon;
				INFOPLIST_FILE = TineTest/Info.plist;
				LD_RUNPATH_SEARCH_PATHS = "$(inherited) @executable_path/Frameworks";
				PRODUCT_BUNDLE_IDENTIFIER = com.siddhantdange.TineTest;
				PRODUCT_NAME = "$(TARGET_NAME)";
			};
			name = Release;
		};
		25EE31AE1BE81F3000FCAF8A /* Debug */ = {
			isa = XCBuildConfiguration;
			buildSettings = {
				BUNDLE_LOADER = "$(TEST_HOST)";
				INFOPLIST_FILE = TineTestTests/Info.plist;
				LD_RUNPATH_SEARCH_PATHS = "$(inherited) @executable_path/Frameworks @loader_path/Frameworks";
				PRODUCT_BUNDLE_IDENTIFIER = com.siddhantdange.TineTestTests;
				PRODUCT_NAME = "$(TARGET_NAME)";
				TEST_HOST = "$(BUILT_PRODUCTS_DIR)/TineTest.app/TineTest";
			};
			name = Debug;
		};
		25EE31AF1BE81F3000FCAF8A /* Release */ = {
			isa = XCBuildConfiguration;
			buildSettings = {
				BUNDLE_LOADER = "$(TEST_HOST)";
				INFOPLIST_FILE = TineTestTests/Info.plist;
				LD_RUNPATH_SEARCH_PATHS = "$(inherited) @executable_path/Frameworks @loader_path/Frameworks";
				PRODUCT_BUNDLE_IDENTIFIER = com.siddhantdange.TineTestTests;
				PRODUCT_NAME = "$(TARGET_NAME)";
				TEST_HOST = "$(BUILT_PRODUCTS_DIR)/TineTest.app/TineTest";
			};
			name = Release;
		};
		25EE31B11BE81F3000FCAF8A /* Debug */ = {
			isa = XCBuildConfiguration;
			buildSettings = {
				INFOPLIST_FILE = TineTestUITests/Info.plist;
				LD_RUNPATH_SEARCH_PATHS = "$(inherited) @executable_path/Frameworks @loader_path/Frameworks";
				PRODUCT_BUNDLE_IDENTIFIER = com.siddhantdange.TineTestUITests;
				PRODUCT_NAME = "$(TARGET_NAME)";
				TEST_TARGET_NAME = TineTest;
				USES_XCTRUNNER = YES;
			};
			name = Debug;
		};
		25EE31B21BE81F3000FCAF8A /* Release */ = {
			isa = XCBuildConfiguration;
			buildSettings = {
				INFOPLIST_FILE = TineTestUITests/Info.plist;
				LD_RUNPATH_SEARCH_PATHS = "$(inherited) @executable_path/Frameworks @loader_path/Frameworks";
				PRODUCT_BUNDLE_IDENTIFIER = com.siddhantdange.TineTestUITests;
				PRODUCT_NAME = "$(TARGET_NAME)";
				TEST_TARGET_NAME = TineTest;
				USES_XCTRUNNER = YES;
			};
			name = Release;
		};
/* End XCBuildConfiguration section */

/* Begin XCConfigurationList section */
		25EE31781BE81F3000FCAF8A /* Build configuration list for PBXProject "TineTest" */ = {
			isa = XCConfigurationList;
			buildConfigurations = (
				25EE31A81BE81F3000FCAF8A /* Debug */,
				25EE31A91BE81F3000FCAF8A /* Release */,
			);
			defaultConfigurationIsVisible = 0;
			defaultConfigurationName = Release;
		};
		25EE31AA1BE81F3000FCAF8A /* Build configuration list for PBXNativeTarget "TineTest" */ = {
			isa = XCConfigurationList;
			buildConfigurations = (
				25EE31AB1BE81F3000FCAF8A /* Debug */,
				25EE31AC1BE81F3000FCAF8A /* Release */,
			);
			defaultConfigurationIsVisible = 0;
			defaultConfigurationName = Release;
		};
		25EE31AD1BE81F3000FCAF8A /* Build configuration list for PBXNativeTarget "TineTestTests" */ = {
			isa = XCConfigurationList;
			buildConfigurations = (
				25EE31AE1BE81F3000FCAF8A /* Debug */,
				25EE31AF1BE81F3000FCAF8A /* Release */,
			);
			defaultConfigurationIsVisible = 0;
			defaultConfigurationName = Release;
		};
		25EE31B01BE81F3000FCAF8A /* Build configuration list for PBXNativeTarget "TineTestUITests" */ = {
			isa = XCConfigurationList;
			buildConfigurations = (
				25EE31B11BE81F3000FCAF8A /* Debug */,
				25EE31B21BE81F3000FCAF8A /* Release */,
			);
			defaultConfigurationIsVisible = 0;
			defaultConfigurationName = Release;
		};
/* End XCConfigurationList section */
	};
	rootObject = 25EE31751BE81F3000FCAF8A /* Project object */;
}
